version = 1
revision = 3
requires-python = ">=3.14"

[[package]]
name = "click"
version = "8.3.2"
source = { registry = "https://pypi.org/simple" }
dependencies = [
    { name = "colorama", marker = "sys_platform == 'win32'" },
]
sdist = { url = "https://files.pythonhosted.org/packages/57/75/31212c6bf2503fdf920d87fee5d7a86a2e3bcf444984126f13d8e4016804/click-8.3.2.tar.gz", hash = "sha256:14162b8b3b3550a7d479eafa77dfd3c38d9dc8951f6f69c78913a8f9a7540fd5", size = 302856, upload-time = "2026-04-03T19:14:45.118Z" }
wheels = [
    { url = "https://files.pythonhosted.org/packages/e4/20/71885d8b97d4f3dde17b1fdb92dbd4908b00541c5a3379787137285f602e/click-8.3.2-py3-none-any.whl", hash = "sha256:1924d2c27c5653561cd2cae4548d1406039cb79b858b747cfea24924bbc1616d", size = 108379, upload-time = "2026-04-03T19:14:43.505Z" },
]

[[package]]
name = "colorama"
version = "0.4.6"
source = { registry = "https://pypi.org/simple" }
sdist = { url = "https://files.pythonhosted.org/packages/d8/53/6f443c9a4a8358a93a6792e2acffb9d9d5cb0a5cfd8802644b7b1c9a02e4/colorama-0.4.6.tar.gz", hash = "sha256:08695f5cb7ed6e0531a20572697297273c47b8cae5a63ffc6d6ed5c201be6e44", size = 27697, upload-time = "2022-10-25T02:36:22.414Z" }
wheels = [
    { url = "https://files.pythonhosted.org/packages/d1/d6/3965ed04c63042e047cb6a3e6ed1a63a35087b6a609aa3a15ed8ac56c221/colorama-0.4.6-py2.py3-none-any.whl", hash = "sha256:4f1d9991f5acc0ca119f9d443620b77f9d6b33703e51011c16baf57afb285fc6", size = 25335, upload-time = "2022-10-25T02:36:20.889Z" },
]

[[package]]
name = "joblib"
version = "1.5.3"
source = { registry = "https://pypi.org/simple" }
sdist = { url = "https://files.pythonhosted.org/packages/41/f2/d34e8b3a08a9cc79a50b2208a93dce981fe615b64d5a4d4abee421d898df/joblib-1.5.3.tar.gz", hash = "sha256:8561a3269e6801106863fd0d6d84bb737be9e7631e33aaed3fb9ce5953688da3", size = 331603, upload-time = "2025-12-15T08:41:46.427Z" }
wheels = [
    { url = "https://files.pythonhosted.org/packages/7b/91/984aca2ec129e2757d1e4e3c81c3fcda9d0f85b74670a094cc443d9ee949/joblib-1.5.3-py3-none-any.whl", hash = "sha256:5fc3c5039fc5ca8c0276333a188bbd59d6b7ab37fe6632daa76bc7f9ec18e713", size = 309071, upload-time = "2025-12-15T08:41:44.973Z" },
]

[[package]]
name = "maturin"
version = "1.13.1"
source = { registry = "https://pypi.org/simple" }
sdist = { url = "https://files.pythonhosted.org/packages/39/16/b284a7bc4af3dd87717c784278c1b8cb18606ad1f6f7a671c47bfd9c3df0/maturin-1.13.1.tar.gz", hash = "sha256:9a87ff3b8e4d1c6eac33ebfe8e261e8236516d98d45c0323550621819b5a1a2f", size = 340369, upload-time = "2026-04-09T15:14:07.026Z" }
wheels = [
    { url = "https://files.pythonhosted.org/packages/43/4d/a23fc95be881aa8c7a6ea353410417872e4d7065df03d7f3db8f0dbed4a7/maturin-1.13.1-py3-none-linux_armv6l.whl", hash = "sha256:416e4e01cb88b798e606ee43929df897e42c1647b722ef68283816cca99a8742", size = 10102444, upload-time = "2026-04-09T15:13:48.393Z" },
    { url = "https://files.pythonhosted.org/packages/a6/1e/65c385d65bae95cf04895d52f39dbed8b1453ae55da2903d252ade40a774/maturin-1.13.1-py3-none-macosx_10_12_x86_64.macosx_11_0_arm64.macosx_10_12_universal2.whl", hash = "sha256:72888e87819ce546d0d2df900e4b385e4ef299077d92ee37b48923a5602dae94", size = 19576043, upload-time = "2026-04-09T15:14:08.685Z" },
    { url = "https://files.pythonhosted.org/packages/8f/13/f6bc868d0bfecd9314870b97f530a167e31f7878ac4945c78245c6eef69c/maturin-1.13.1-py3-none-macosx_10_12_x86_64.whl", hash = "sha256:98b5fcf1a186c217830a8295ecc2989c6b1cf50945417adfc15252107b9475b7", size = 10117339, upload-time = "2026-04-09T15:13:40.559Z" },
    { url = "https://files.pythonhosted.org/packages/51/58/279e081305c11c1c1c4fccacf77df8959646c5d4de7a57ec7e787653e270/maturin-1.13.1-py3-none-manylinux_2_12_i686.manylinux2010_i686.musllinux_1_1_i686.whl", hash = "sha256:3da18cccf2f683c0977bff9146a0908d6ffce836d600665736ac01679f588cb9", size = 10139689, upload-time = "2026-04-09T15:13:38.291Z" },
    { url = "https://files.pythonhosted.org/packages/00/94/69391af5396c6aab723932240803f49e5f3de3dd7c57d32f02d237a0ce32/maturin-1.13.1-py3-none-manylinux_2_12_x86_64.manylinux2010_x86_64.musllinux_1_1_x86_64.whl", hash = "sha256:6b1e5916a253243e8f5f9e847b62bbc98420eec48c9ce2e2e8724c6da89d359b", size = 10551141, upload-time = "2026-04-09T15:13:42.887Z" },
    { url = "https://files.pythonhosted.org/packages/9e/bf/4edac2667b49e3733438062ae416413b8fc8d42e1bd499ba15e1fb02fc55/maturin-1.13.1-py3-none-manylinux_2_17_aarch64.manylinux2014_aarch64.musllinux_1_1_aarch64.whl", hash = "sha256:dc91031e0619c1e28730279ef9ee5f106c9b9ec806b013f888676b242f892eb7", size = 9983094, upload-time = "2026-04-09T15:13:56.868Z" },
    { url = "https://files.pythonhosted.org/packages/79/94/a6d651cfe8fc6bf2e892c90e3cdbb25c06d81c9115140d03ea1a68a97575/maturin-1.13.1-py3-none-manylinux_2_17_armv7l.manylinux2014_armv7l.musllinux_1_1_armv7l.whl", hash = "sha256:001741c6cff56aa8ea59a0d78ae990c0550d0e3e82b00b683eedb4158a8ef7e6", size = 9949980, upload-time = "2026-04-09T15:13:59.185Z" },
    { url = "https://files.pythonhosted.org/packages/b5/d1/82c067464f848e38af9910bce55eb54302b1c1284a279d515dbfcf5994f5/maturin-1.13.1-py3-none-manylinux_2_17_ppc64le.manylinux2014_ppc64le.musllinux_1_1_ppc64le.whl", hash = "sha256:01c845825c917c07c1d0b2c9032c59c16a7d383d1e649a46481d3e5693c2750f", size = 13186276, upload-time = "2026-04-09T15:13:45.725Z" },
    { url = "https://files.pythonhosted.org/packages/7c/f4/25367baf1025580f047f9b37598bb3fadc416e24536afd4f28e190335c73/maturin-1.13.1-py3-none-manylinux_2_17_s390x.manylinux2014_s390x.whl", hash = "sha256:f69093ed4a0e6464e52a7fc26d714f859ce15630ec8070743398c6bf41f38a9e", size = 10891837, upload-time = "2026-04-09T15:13:35.68Z" },
    { url = "https://files.pythonhosted.org/packages/af/be/caafad8ce74974b7deafdf144d12f758993dfea4c66c9905b138f51a7792/maturin-1.13.1-py3-none-manylinux_2_31_riscv64.musllinux_1_1_riscv64.whl", hash = "sha256:c1490584f3c70af45466ee99065b49e6657ebdccac6b10571bb44681309c9396", size = 10351032, upload-time = "2026-04-09T15:14:01.632Z" },
    { url = "https://files.pythonhosted.org/packages/66/0e/970a721d27cfa410e8bfa0a1e32e6ef52cb8169692110a5fdabe1af3f570/maturin-1.13.1-py3-none-win32.whl", hash = "sha256:c6a720b252c99de072922dbe4432ab19662b6f80045b0355fec23bdfccb450da", size = 8855465, upload-time = "2026-04-09T15:13:51.122Z" },
    { url = "https://files.pythonhosted.org/packages/88/70/7c1e0d65fa147d5479055a171541c82b8cdfc1c825d85a82240470f14176/maturin-1.13.1-py3-none-win_amd64.whl", hash = "sha256:a2017d2281203d0c6570240e7d746564d766d756105823b7de68bda6ae722711", size = 10230471, upload-time = "2026-04-09T15:13:53.89Z" },
    { url = "https://files.pythonhosted.org/packages/c5/2a/afe0193b673a79ffd2e01ad999511b7e9e6b49af02bb3759d82a78c3043d/maturin-1.13.1-py3-none-win_arm64.whl", hash = "sha256:2839024dcd65776abb4759e5bca29941971e095574162a4d335191da4be9ff24", size = 8905575, upload-time = "2026-04-09T15:14:03.891Z" },
]

[[package]]
name = "nltk"
version = "3.9.4"
source = { registry = "https://pypi.org/simple" }
dependencies = [
    { name = "click" },
    { name = "joblib" },
    { name = "regex" },
    { name = "tqdm" },
]
sdist = { url = "https://files.pythonhosted.org/packages/74/a1/b3b4adf15585a5bc4c357adde150c01ebeeb642173ded4d871e89468767c/nltk-3.9.4.tar.gz", hash = "sha256:ed03bc098a40481310320808b2db712d95d13ca65b27372f8a403949c8b523d0", size = 2946864, upload-time = "2026-03-24T06:13:40.641Z" }
wheels = [
    { url = "https://files.pythonhosted.org/packages/9d/91/04e965f8e717ba0ab4bdca5c112deeab11c9e750d94c4d4602f050295d39/nltk-3.9.4-py3-none-any.whl", hash = "sha256:f2fa301c3a12718ce4a0e9305c5675299da5ad9e26068218b69d692fda84828f", size = 1552087, upload-time = "2026-03-24T06:13:38.47Z" },
]

[[package]]
name = "patchelf"
version = "0.17.2.4"
source = { registry = "https://pypi.org/simple" }
sdist = { url = "https://files.pythonhosted.org/packages/2c/a3/fdd3fa938c864aa2f11dd0b7f08befeda983d2dcdee44da493c6977a653f/patchelf-0.17.2.4.tar.gz", hash = "sha256:970ee5cd8af33e5ea2099510b2f9013fa1b8d5cd763bf3fd3961281c18101a09", size = 149629, upload-time = "2025-07-23T21:16:32.071Z" }
wheels = [
    { url = "https://files.pythonhosted.org/packages/b1/a7/8c4f86c78ec03db954d05fd9c57a114cc3a172a2d3e4a8b949cd5ff89471/patchelf-0.17.2.4-py3-none-macosx_10_9_universal2.whl", hash = "sha256:343bb1b94e959f9070ca9607453b04390e36bbaa33c88640b989cefad0aa049e", size = 184436, upload-time = "2025-07-23T21:16:20.578Z" },
    { url = "https://files.pythonhosted.org/packages/0b/6d/2e9f5483cdb352fab36b8076667b062b2d79cb09d2e3fd09b6fca5771cb6/patchelf-0.17.2.4-py3-none-manylinux1_i686.manylinux_2_5_i686.musllinux_1_1_i686.whl", hash = "sha256:09fd848d625a165fc7b7e07745508c24077129b019c4415a882938781d43adf8", size = 547318, upload-time = "2025-07-23T21:16:22.135Z" },
    { url = "https://files.pythonhosted.org/packages/7e/19/f7821ef31aab01fa7dc8ebe697ece88ec4f7a0fdd3155dab2dfee4b00e5c/patchelf-0.17.2.4-py3-none-manylinux1_x86_64.manylinux_2_5_x86_64.musllinux_1_1_x86_64.whl", hash = "sha256:d9b35ebfada70c02679ad036407d9724ffe1255122ba4ac5e4be5868618a5689", size = 482846, upload-time = "2025-07-23T21:16:23.73Z" },
    { url = "https://files.pythonhosted.org/packages/d1/50/107fea848ecfd851d473b079cab79107487d72c4c3cdb25b9d2603a24ca2/patchelf-0.17.2.4-py3-none-manylinux2014_aarch64.manylinux_2_17_aarch64.musllinux_1_1_aarch64.whl", hash = "sha256:2931a1b5b85f3549661898af7bf746afbda7903c7c9a967cfc998a3563f84fad", size = 477811, upload-time = "2025-07-23T21:16:25.145Z" },
    { url = "https://files.pythonhosted.org/packages/89/a9/a9a2103e159fd65bffbc21ecc5c8c36e44eb34fe53b4ef85fb6d08c2a635/patchelf-0.17.2.4-py3-none-manylinux2014_armv7l.manylinux_2_17_armv7l.musllinux_1_1_armv7l.whl", hash = "sha256:ae44cb3c857d50f54b99e5697aa978726ada33a8a6129d4b8b7ffd28b996652d", size = 431226, upload-time = "2025-07-23T21:16:26.765Z" },
    { url = "https://files.pythonhosted.org/packages/87/93/897d612f6df7cfd987bdf668425127efeff8d8e4ad8bfbab1c69d2a0d861/patchelf-0.17.2.4-py3-none-manylinux2014_ppc64le.manylinux_2_17_ppc64le.musllinux_1_1_ppc64le.whl", hash = "sha256:680a266a70f60a7a4f4c448482c5bdba80cc8e6bb155a49dcc24238ba49927b0", size = 540276, upload-time = "2025-07-23T21:16:27.983Z" },
    { url = "https://files.pythonhosted.org/packages/5d/b8/2b92d11533482bac9ee989081d6880845287751b5f528adbd6bb27667fbd/patchelf-0.17.2.4-py3-none-manylinux2014_s390x.manylinux_2_17_s390x.musllinux_1_1_s390x.whl", hash = "sha256:d842b51f0401460f3b1f3a3a67d2c266a8f515a5adfbfa6e7b656cb3ac2ed8bc", size = 596632, upload-time = "2025-07-23T21:16:29.253Z" },
    { url = "https://files.pythonhosted.org/packages/14/e2/975d4bdb418f942b53e6187b95bd9e0d5e0488b7bc214685a1e43e2c2751/patchelf-0.17.2.4-py3-none-manylinux_2_31_riscv64.musllinux_1_1_riscv64.whl", hash = "sha256:7076d9e127230982e20a81a6e2358d3343004667ba510d9f822d4fdee29b0d71", size = 508281, upload-time = "2025-07-23T21:16:30.865Z" },
]

[[package]]
name = "regex"
version = "2026.4.4"
source = { registry = "https://pypi.org/simple" }
sdist = { url = "https://files.pythonhosted.org/packages/cb/0e/3a246dbf05666918bd3664d9d787f84a9108f6f43cc953a077e4a7dfdb7e/regex-2026.4.4.tar.gz", hash = "sha256:e08270659717f6973523ce3afbafa53515c4dc5dcad637dc215b6fd50f689423", size = 416000, upload-time = "2026-04-03T20:56:28.155Z" }
wheels = [
    { url = "https://files.pythonhosted.org/packages/f0/f5/ed97c2dc47b5fbd4b73c0d7d75f9ebc8eca139f2bbef476bba35f28c0a77/regex-2026.4.4-cp314-cp314-macosx_10_13_universal2.whl", hash = "sha256:2da82d643fa698e5e5210e54af90181603d5853cf469f5eedf9bfc8f59b4b8c7", size = 490343, upload-time = "2026-04-03T20:55:15.241Z" },
    { url = "https://files.pythonhosted.org/packages/80/e9/de4828a7385ec166d673a5790ad06ac48cdaa98bc0960108dd4b9cc1aef7/regex-2026.4.4-cp314-cp314-macosx_10_13_x86_64.whl", hash = "sha256:54a1189ad9d9357760557c91103d5e421f0a2dabe68a5cdf9103d0dcf4e00752", size = 291909, upload-time = "2026-04-03T20:55:17.558Z" },
    { url = "https://files.pythonhosted.org/packages/b4/d6/5cfbfc97f3201a4d24b596a77957e092030dcc4205894bc035cedcfce62f/regex-2026.4.4-cp314-cp314-macosx_11_0_arm64.whl", hash = "sha256:76d67d5afb1fe402d10a6403bae668d000441e2ab115191a804287d53b772951", size = 289692, upload-time = "2026-04-03T20:55:20.561Z" },
    { url = "https://files.pythonhosted.org/packages/8e/ac/f2212d9fd56fe897e36d0110ba30ba2d247bd6410c5bd98499c7e5a1e1f2/regex-2026.4.4-cp314-cp314-manylinux2014_aarch64.manylinux_2_17_aarch64.manylinux_2_28_aarch64.whl", hash = "sha256:e7cd3e4ee8d80447a83bbc9ab0c8459781fa77087f856c3e740d7763be0df27f", size = 796979, upload-time = "2026-04-03T20:55:22.56Z" },
    { url = "https://files.pythonhosted.org/packages/c9/e3/a016c12675fbac988a60c7e1c16e67823ff0bc016beb27bd7a001dbdabc6/regex-2026.4.4-cp314-cp314-manylinux2014_ppc64le.manylinux_2_17_ppc64le.manylinux_2_28_ppc64le.whl", hash = "sha256:2e19e18c568d2866d8b6a6dfad823db86193503f90823a8f66689315ba28fbe8", size = 866744, upload-time = "2026-04-03T20:55:24.646Z" },
    { url = "https://files.pythonhosted.org/packages/af/a4/0b90ca4cf17adc3cb43de80ec71018c37c88ad64987e8d0d481a95ca60b5/regex-2026.4.4-cp314-cp314-manylinux2014_s390x.manylinux_2_17_s390x.manylinux_2_28_s390x.whl", hash = "sha256:7698a6f38730fd1385d390d1ed07bb13dce39aa616aca6a6d89bea178464b9a4", size = 911613, upload-time = "2026-04-03T20:55:27.033Z" },
    { url = "https://files.pythonhosted.org/packages/8e/3b/2b3dac0b82d41ab43aa87c6ecde63d71189d03fe8854b8ca455a315edac3/regex-2026.4.4-cp314-cp314-manylinux2014_x86_64.manylinux_2_17_x86_64.manylinux_2_28_x86_64.whl", hash = "sha256:173a66f3651cdb761018078e2d9487f4cf971232c990035ec0eb1cdc6bf929a9", size = 800551, upload-time = "2026-04-03T20:55:29.532Z" },
    { url = "https://files.pythonhosted.org/packages/25/fe/5365eb7aa0e753c4b5957815c321519ecab033c279c60e1b1ae2367fa810/regex-2026.4.4-cp314-cp314-manylinux_2_31_riscv64.manylinux_2_39_riscv64.whl", hash = "sha256:fa7922bbb2cc84fa062d37723f199d4c0cd200245ce269c05db82d904db66b83", size = 776911, upload-time = "2026-04-03T20:55:31.526Z" },
    { url = "https://files.pythonhosted.org/packages/aa/b3/7fb0072156bba065e3b778a7bc7b0a6328212be5dd6a86fd207e0c4f2dab/regex-2026.4.4-cp314-cp314-musllinux_1_2_aarch64.whl", hash = "sha256:59f67cd0a0acaf0e564c20bbd7f767286f23e91e2572c5703bf3e56ea7557edb", size = 785751, upload-time = "2026-04-03T20:55:33.797Z" },
    { url = "https://files.pythonhosted.org/packages/02/1a/9f83677eb699273e56e858f7bd95acdbee376d42f59e8bfca2fd80d79df3/regex-2026.4.4-cp314-cp314-musllinux_1_2_ppc64le.whl", hash = "sha256:475e50f3f73f73614f7cba5524d6de49dee269df00272a1b85e3d19f6d498465", size = 860484, upload-time = "2026-04-03T20:55:35.745Z" },
    { url = "https://files.pythonhosted.org/packages/3b/7a/93937507b61cfcff8b4c5857f1b452852b09f741daa9acae15c971d8554e/regex-2026.4.4-cp314-cp314-musllinux_1_2_riscv64.whl", hash = "sha256:a1c0c7d67b64d85ac2e1879923bad2f08a08f3004055f2f406ef73c850114bd4", size = 765939, upload-time = "2026-04-03T20:55:37.972Z" },
    { url = "https://files.pythonhosted.org/packages/86/ea/81a7f968a351c6552b1670ead861e2a385be730ee28402233020c67f9e0f/regex-2026.4.4-cp314-cp314-musllinux_1_2_s390x.whl", hash = "sha256:1371c2ccbb744d66ee63631cc9ca12aa233d5749972626b68fe1a649dd98e566", size = 851417, upload-time = "2026-04-03T20:55:39.92Z" },
    { url = "https://files.pythonhosted.org/packages/4c/7e/323c18ce4b5b8f44517a36342961a0306e931e499febbd876bb149d900f0/regex-2026.4.4-cp314-cp314-musllinux_1_2_x86_64.whl", hash = "sha256:59968142787042db793348a3f5b918cf24ced1f23247328530e063f89c128a95", size = 789056, upload-time = "2026-04-03T20:55:42.303Z" },
    { url = "https://files.pythonhosted.org/packages/c0/af/e7510f9b11b1913b0cd44eddb784b2d650b2af6515bfce4cffcc5bfd1d38/regex-2026.4.4-cp314-cp314-win32.whl", hash = "sha256:59efe72d37fd5a91e373e5146f187f921f365f4abc1249a5ab446a60f30dd5f8", size = 272130, upload-time = "2026-04-03T20:55:44.995Z" },
    { url = "https://files.pythonhosted.org/packages/9a/51/57dae534c915e2d3a21490e88836fa2ae79dde3b66255ecc0c0a155d2c10/regex-2026.4.4-cp314-cp314-win_amd64.whl", hash = "sha256:e0aab3ff447845049d676827d2ff714aab4f73f340e155b7de7458cf53baa5a4", size = 280992, upload-time = "2026-04-03T20:55:47.316Z" },
    { url = "https://files.pythonhosted.org/packages/0a/5e/abaf9f4c3792e34edb1434f06717fae2b07888d85cb5cec29f9204931bf8/regex-2026.4.4-cp314-cp314-win_arm64.whl", hash = "sha256:a7a5bb6aa0cf62208bb4fa079b0c756734f8ad0e333b425732e8609bd51ee22f", size = 273563, upload-time = "2026-04-03T20:55:49.273Z" },
    { url = "https://files.pythonhosted.org/packages/ff/06/35da85f9f217b9538b99cbb170738993bcc3b23784322decb77619f11502/regex-2026.4.4-cp314-cp314t-macosx_10_13_universal2.whl", hash = "sha256:97850d0638391bdc7d35dc1c1039974dcb921eaafa8cc935ae4d7f272b1d60b3", size = 494191, upload-time = "2026-04-03T20:55:51.258Z" },
    { url = "https://files.pythonhosted.org/packages/54/5b/1bc35f479eef8285c4baf88d8c002023efdeebb7b44a8735b36195486ae7/regex-2026.4.4-cp314-cp314t-macosx_10_13_x86_64.whl", hash = "sha256:ee7337f88f2a580679f7bbfe69dc86c043954f9f9c541012f49abc554a962f2e", size = 293877, upload-time = "2026-04-03T20:55:53.214Z" },
    { url = "https://files.pythonhosted.org/packages/39/5b/f53b9ad17480b3ddd14c90da04bfb55ac6894b129e5dea87bcaf7d00e336/regex-2026.4.4-cp314-cp314t-macosx_11_0_arm64.whl", hash = "sha256:7429f4e6192c11d659900c0648ba8776243bf396ab95558b8c51a345afeddde6", size = 292410, upload-time = "2026-04-03T20:55:55.736Z" },
    { url = "https://files.pythonhosted.org/packages/bb/56/52377f59f60a7c51aa4161eecf0b6032c20b461805aca051250da435ffc9/regex-2026.4.4-cp314-cp314t-manylinux2014_aarch64.manylinux_2_17_aarch64.manylinux_2_28_aarch64.whl", hash = "sha256:dc4f10fbd5dd13dcf4265b4cc07d69ca70280742870c97ae10093e3d66000359", size = 811831, upload-time = "2026-04-03T20:55:57.802Z" },
    { url = "https://files.pythonhosted.org/packages/dd/63/8026310bf066f702a9c361f83a8c9658f3fe4edb349f9c1e5d5273b7c40c/regex-2026.4.4-cp314-cp314t-manylinux2014_ppc64le.manylinux_2_17_ppc64le.manylinux_2_28_ppc64le.whl", hash = "sha256:a152560af4f9742b96f3827090f866eeec5becd4765c8e0d3473d9d280e76a5a", size = 871199, upload-time = "2026-04-03T20:56:00.333Z" },
    { url = "https://files.pythonhosted.org/packages/20/9f/a514bbb00a466dbb506d43f187a04047f7be1505f10a9a15615ead5080ee/regex-2026.4.4-cp314-cp314t-manylinux2014_s390x.manylinux_2_17_s390x.manylinux_2_28_s390x.whl", hash = "sha256:54170b3e95339f415d54651f97df3bff7434a663912f9358237941bbf9143f55", size = 917649, upload-time = "2026-04-03T20:56:02.445Z" },
    { url = "https://files.pythonhosted.org/packages/cb/6b/8399f68dd41a2030218839b9b18360d79b86d22b9fab5ef477c7f23ca67c/regex-2026.4.4-cp314-cp314t-manylinux2014_x86_64.manylinux_2_17_x86_64.manylinux_2_28_x86_64.whl", hash = "sha256:07f190d65f5a72dcb9cf7106bfc3d21e7a49dd2879eda2207b683f32165e4d99", size = 816388, upload-time = "2026-04-03T20:56:04.595Z" },
    { url = "https://files.pythonhosted.org/packages/1e/9c/103963f47c24339a483b05edd568594c2be486188f688c0170fd504b2948/regex-2026.4.4-cp314-cp314t-manylinux_2_31_riscv64.manylinux_2_39_riscv64.whl", hash = "sha256:9a2741ce5a29d3c84b0b94261ba630ab459a1b847a0d6beca7d62d188175c790", size = 785746, upload-time = "2026-04-03T20:56:07.13Z" },
    { url = "https://files.pythonhosted.org/packages/fa/ee/7f6054c0dec0cee3463c304405e4ff42e27cff05bf36fcb34be549ab17bd/regex-2026.4.4-cp314-cp314t-musllinux_1_2_aarch64.whl", hash = "sha256:b26c30df3a28fd9793113dac7385a4deb7294a06c0f760dd2b008bd49a9139bc", size = 801483, upload-time = "2026-04-03T20:56:09.365Z" },
    { url = "https://files.pythonhosted.org/packages/30/c2/51d3d941cf6070dc00c3338ecf138615fc3cce0421c3df6abe97a08af61a/regex-2026.4.4-cp314-cp314t-musllinux_1_2_ppc64le.whl", hash = "sha256:421439d1bee44b19f4583ccf42670ca464ffb90e9fdc38d37f39d1ddd1e44f1f", size = 866331, upload-time = "2026-04-03T20:56:12.039Z" },
    { url = "https://files.pythonhosted.org/packages/16/e8/76d50dcc122ac33927d939f350eebcfe3dbcbda96913e03433fc36de5e63/regex-2026.4.4-cp314-cp314t-musllinux_1_2_riscv64.whl", hash = "sha256:b40379b53ecbc747fd9bdf4a0ea14eb8188ca1bd0f54f78893a39024b28f4863", size = 772673, upload-time = "2026-04-03T20:56:14.558Z" },
    { url = "https://files.pythonhosted.org/packages/a5/6e/5f6bf75e20ea6873d05ba4ec78378c375cbe08cdec571c83fbb01606e563/regex-2026.4.4-cp314-cp314t-musllinux_1_2_s390x.whl", hash = "sha256:08c55c13d2eef54f73eeadc33146fb0baaa49e7335eb1aff6ae1324bf0ddbe4a", size = 857146, upload-time = "2026-04-03T20:56:16.663Z" },
    { url = "https://files.pythonhosted.org/packages/0b/33/3c76d9962949e487ebba353a18e89399f292287204ac8f2f4cfc3a51c233/regex-2026.4.4-cp314-cp314t-musllinux_1_2_x86_64.whl", hash = "sha256:9776b85f510062f5a75ef112afe5f494ef1635607bf1cc220c1391e9ac2f5e81", size = 803463, upload-time = "2026-04-03T20:56:18.923Z" },
    { url = "https://files.pythonhosted.org/packages/19/eb/ef32dcd2cb69b69bc0c3e55205bce94a7def48d495358946bc42186dcccc/regex-2026.4.4-cp314-cp314t-win32.whl", hash = "sha256:385edaebde5db5be103577afc8699fea73a0e36a734ba24870be7ffa61119d74", size = 275709, upload-time = "2026-04-03T20:56:20.996Z" },
    { url = "https://files.pythonhosted.org/packages/a0/86/c291bf740945acbf35ed7dbebf8e2eea2f3f78041f6bd7cdab80cb274dc0/regex-2026.4.4-cp314-cp314t-win_amd64.whl", hash = "sha256:5d354b18839328927832e2fa5f7c95b7a3ccc39e7a681529e1685898e6436d45", size = 285622, upload-time = "2026-04-03T20:56:23.641Z" },
    { url = "https://files.pythonhosted.org/packages/d5/e7/ec846d560ae6a597115153c02ca6138a7877a1748b2072d9521c10a93e58/regex-2026.4.4-cp314-cp314t-win_arm64.whl", hash = "sha256:af0384cb01a33600c49505c27c6c57ab0b27bf84a74e28524c92ca897ebdac9d", size = 275773, upload-time = "2026-04-03T20:56:26.07Z" },
]

[[package]]
name = "seagull"
version = "0.1.0"
source = { editable = "." }
dependencies = [
    { name = "nltk" },
]

[package.dev-dependencies]
dev = [
    { name = "maturin" },
    { name = "patchelf" },
]

[package.metadata]
requires-dist = [{ name = "nltk", specifier = ">=3.9.4" }]

[package.metadata.requires-dev]
dev = [
    { name = "maturin", specifier = ">=1.13.1" },
    { name = "patchelf", specifier = ">=0.17.2.4" },
]

[[package]]
name = "tqdm"
version = "4.67.3"
source = { registry = "https://pypi.org/simple" }
dependencies = [
    { name = "colorama", marker = "sys_platform == 'win32'" },
]
sdist = { url = "https://files.pythonhosted.org/packages/09/a9/6ba95a270c6f1fbcd8dac228323f2777d886cb206987444e4bce66338dd4/tqdm-4.67.3.tar.gz", hash = "sha256:7d825f03f89244ef73f1d4ce193cb1774a8179fd96f31d7e1dcde62092b960bb", size = 169598, upload-time = "2026-02-03T17:35:53.048Z" }
wheels = [
    { url = "https://files.pythonhosted.org/packages/16/e1/3079a9ff9b8e11b846c6ac5c8b5bfb7ff225eee721825310c91b3b50304f/tqdm-4.67.3-py3-none-any.whl", hash = "sha256:ee1e4c0e59148062281c49d80b25b67771a127c85fc9676d3be5f243206826bf", size = 78374, upload-time = "2026-02-03T17:35:50.982Z" },
]
